// !$*UTF8*$!
{
	archiveVersion = 1;
	classes = {
	};
	objectVersion = 50;
	objects = {

/* Begin PBXBuildFile section */
		AE6472FC254927B90041C8E4 /* AppDelegate.swift in Sources */ = {isa = PBXBuildFile; fileRef = AE6472FB254927B90041C8E4 /* AppDelegate.swift */; };
		AE6472FE254927B90041C8E4 /* SceneDelegate.swift in Sources */ = {isa = PBXBuildFile; fileRef = AE6472FD254927B90041C8E4 /* SceneDelegate.swift */; };
		AE647300254927B90041C8E4 /* ViewController.swift in Sources */ = {isa = PBXBuildFile; fileRef = AE6472FF254927B90041C8E4 /* ViewController.swift */; };
		AE647303254927B90041C8E4 /* Main.storyboard in Resources */ = {isa = PBXBuildFile; fileRef = AE647301254927B90041C8E4 /* Main.storyboard */; };
		AE647305254927BC0041C8E4 /* Assets.xcassets in Resources */ = {isa = PBXBuildFile; fileRef = AE647304254927BC0041C8E4 /* Assets.xcassets */; };
		AE647313254927BD0041C8E4 /* SampleProjectTests.swift in Sources */ = {isa = PBXBuildFile; fileRef = AE647312254927BD0041C8E4 /* SampleProjectTests.swift */; };
		AE64731E254927BD0041C8E4 /* SampleProjectUITests.swift in Sources */ = {isa = PBXBuildFile; fileRef = AE64731D254927BD0041C8E4 /* SampleProjectUITests.swift */; };
/* End PBXBuildFile section */

/* Begin PBXContainerItemProxy section */
		AE64730F254927BD0041C8E4 /* PBXContainerItemProxy */ = {
			isa = PBXContainerItemProxy;
			containerPortal = AE6472F0254927B90041C8E4 /* Project object */;
			proxyType = 1;
			remoteGlobalIDString = AE6472F7254927B90041C8E4;
			remoteInfo = SampleProject;
		};
		AE64731A254927BD0041C8E4 /* PBXContainerItemProxy */ = {
			isa = PBXContainerItemProxy;
			containerPortal = AE6472F0254927B90041C8E4 /* Project object */;
			proxyType = 1;
			remoteGlobalIDString = AE6472F7254927B90041C8E4;
			remoteInfo = SampleProject;
		};
/* End PBXContainerItemProxy section */

/* Begin PBXFileReference section */
		AE6472F8254927B90041C8E4 /* SampleProject.app */ = {isa = PBXFileReference; explicitFileType = wrapper.application; includeInIndex = 0; path = SampleProject.app; sourceTree = BUILT_PRODUCTS_DIR; };
		AE6472FB254927B90041C8E4 /* AppDelegate.swift */ = {isa = PBXFileReference; lastKnownFileType = sourcecode.swift; path = AppDelegate.swift; sourceTree = "<group>"; };
		AE6472FD254927B90041C8E4 /* SceneDelegate.swift */ = {isa = PBXFileReference; lastKnownFileType = sourcecode.swift; path = SceneDelegate.swift; sourceTree = "<group>"; };
		AE6472FF254927B90041C8E4 /* ViewController.swift */ = {isa = PBXFileReference; lastKnownFileType = sourcecode.swift; path = ViewController.swift; sourceTree = "<group>"; };
		AE647302254927B90041C8E4 /* Base */ = {isa = PBXFileReference; lastKnownFileType = file.storyboard; name = Base; path = Base.lproj/Main.storyboard; sourceTree = "<group>"; };
		AE647304254927BC0041C8E4 /* Assets.xcassets */ = {isa = PBXFileReference; lastKnownFileType = folder.assetcatalog; path = Assets.xcassets; sourceTree = "<group>"; };
		AE647309254927BC0041C8E4 /* Info.plist */ = {isa = PBXFileReference; lastKnownFileType = text.plist.xml; path = Info.plist; sourceTree = "<group>"; };
		AE64730E254927BD0041C8E4 /* SampleProjectTests.xctest */ = {isa = PBXFileReference; explicitFileType = wrapper.cfbundle; includeInIndex = 0; path = SampleProjectTests.xctest; sourceTree = BUILT_PRODUCTS_DIR; };
		AE647312254927BD0041C8E4 /* SampleProjectTests.swift */ = {isa = PBXFileReference; lastKnownFileType = sourcecode.swift; path = SampleProjectTests.swift; sourceTree = "<group>"; };
		AE647314254927BD0041C8E4 /* Info.plist */ = {isa = PBXFileReference; lastKnownFileType = text.plist.xml; path = Info.plist; sourceTree = "<group>"; };
		AE647319254927BD0041C8E4 /* SampleProjectUITests.xctest */ = {isa = PBXFileReference; explicitFileType = wrapper.cfbundle; includeInIndex = 0; path = SampleProjectUITests.xctest; sourceTree = BUILT_PRODUCTS_DIR; };
		AE64731D254927BD0041C8E4 /* SampleProjectUITests.swift */ = {isa = PBXFileReference; lastKnownFileType = sourcecode.swift; path = SampleProjectUITests.swift; sourceTree = "<group>"; };
		AE64731F254927BD0041C8E4 /* Info.plist */ = {isa = PBXFileReference; lastKnownFileType = text.plist.xml; path = Info.plist; sourceTree = "<group>"; };
/* End PBXFileReference section */

/* Begin PBXFrameworksBuildPhase section */
		AE6472F5254927B90041C8E4 /* Frameworks */ = {
			isa = PBXFrameworksBuildPhase;
			buildActionMask = 2147483647;
			files = (
			);
			runOnlyForDeploymentPostprocessing = 0;
		};
		AE64730B254927BD0041C8E4 /* Frameworks */ = {
			isa = PBXFrameworksBuildPhase;
			buildActionMask = 2147483647;
			files = (
			);
			runOnlyForDeploymentPostprocessing = 0;
		};
		AE647316254927BD0041C8E4 /* Frameworks */ = {
			isa = PBXFrameworksBuildPhase;
			buildActionMask = 2147483647;
			files = (
			);
			runOnlyForDeploymentPostprocessing = 0;
		};
/* End PBXFrameworksBuildPhase section */

/* Begin PBXGroup section */
		AE6472EF254927B90041C8E4 = {
			isa = PBXGroup;
			children = (
				AE6472FA254927B90041C8E4 /* SampleProject */,
				AE647311254927BD0041C8E4 /* SampleProjectTests */,
				AE64731C254927BD0041C8E4 /* SampleProjectUITests */,
				AE6472F9254927B90041C8E4 /* Products */,
			);
			sourceTree = "<group>";
		};
		AE6472F9254927B90041C8E4 /* Products */ = {
			isa = PBXGroup;
			children = (
				AE6472F8254927B90041C8E4 /* SampleProject.app */,
				AE64730E254927BD0041C8E4 /* SampleProjectTests.xctest */,
				AE647319254927BD0041C8E4 /* SampleProjectUITests.xctest */,
			);
			name = Products;
			sourceTree = "<group>";
		};
		AE6472FA254927B90041C8E4 /* SampleProject */ = {
			isa = PBXGroup;
			children = (
				AE6472FB254927B90041C8E4 /* AppDelegate.swift */,
				AE6472FD254927B90041C8E4 /* SceneDelegate.swift */,
				AE6472FF254927B90041C8E4 /* ViewController.swift */,
				AE647301254927B90041C8E4 /* Main.storyboard */,
				AE647304254927BC0041C8E4 /* Assets.xcassets */,
				AE647309254927BC0041C8E4 /* Info.plist */,
			);
			path = SampleProject;
			sourceTree = "<group>";
		};
		AE647311254927BD0041C8E4 /* SampleProjectTests */ = {
			isa = PBXGroup;
			children = (
				AE647312254927BD0041C8E4 /* SampleProjectTests.swift */,
				AE647314254927BD0041C8E4 /* Info.plist */,
			);
			path = SampleProjectTests;
			sourceTree = "<group>";
		};
		AE64731C254927BD0041C8E4 /* SampleProjectUITests */ = {
			isa = PBXGroup;
			children = (
				AE64731D254927BD0041C8E4 /* SampleProjectUITests.swift */,
				AE64731F254927BD0041C8E4 /* Info.plist */,
			);
			path = SampleProjectUITests;
			sourceTree = "<group>";
		};
/* End PBXGroup section */

/* Begin PBXNativeTarget section */
		AE6472F7254927B90041C8E4 /* SampleProject */ = {
			isa = PBXNativeTarget;
			buildConfigurationList = AE647322254927BD0041C8E4 /* Build configuration list for PBXNativeTarget "SampleProject" */;
			buildPhases = (
				AE6472F4254927B90041C8E4 /* Sources */,
				AE6472F5254927B90041C8E4 /* Frameworks */,
				AE6472F6254927B90041C8E4 /* Resources */,
			);
			buildRules = (
			);
			dependencies = (
			);
			name = SampleProject;
			productName = SampleProject;
			productReference = AE6472F8254927B90041C8E4 /* SampleProject.app */;
			productType = "com.apple.product-type.application";
		};
		AE64730D254927BD0041C8E4 /* SampleProjectTests */ = {
			isa = PBXNativeTarget;
			buildConfigurationList = AE647325254927BD0041C8E4 /* Build configuration list for PBXNativeTarget "SampleProjectTests" */;
			buildPhases = (
				AE64730A254927BD0041C8E4 /* Sources */,
				AE64730B254927BD0041C8E4 /* Frameworks */,
				AE64730C254927BD0041C8E4 /* Resources */,
			);
			buildRules = (
			);
			dependencies = (
				AE647310254927BD0041C8E4 /* PBXTargetDependency */,
			);
			name = SampleProjectTests;
			productName = SampleProjectTests;
			productReference = AE64730E254927BD0041C8E4 /* SampleProjectTests.xctest */;
			productType = "com.apple.product-type.bundle.unit-test";
		};
		AE647318254927BD0041C8E4 /* SampleProjectUITests */ = {
			isa = PBXNativeTarget;
			buildConfigurationList = AE647328254927BD0041C8E4 /* Build configuration list for PBXNativeTarget "SampleProjectUITests" */;
			buildPhases = (
				AE647315254927BD0041C8E4 /* Sources */,
				AE647316254927BD0041C8E4 /* Frameworks */,
				AE647317254927BD0041C8E4 /* Resources */,
			);
			buildRules = (
			);
			dependencies = (
				AE64731B254927BD0041C8E4 /* PBXTargetDependency */,
			);
			name = SampleProjectUITests;
			productName = SampleProjectUITests;
			productReference = AE647319254927BD0041C8E4 /* SampleProjectUITests.xctest */;
			productType = "com.apple.product-type.bundle.ui-testing";
		};
/* End PBXNativeTarget section */

/* Begin PBXProject section */
		AE6472F0254927B90041C8E4 /* Project object */ = {
			isa = PBXProject;
			attributes = {
				LastSwiftUpdateCheck = 1200;
				LastUpgradeCheck = 1200;
				TargetAttributes = {
					AE6472F7254927B90041C8E4 = {
						CreatedOnToolsVersion = 12.0.1;
					};
					AE64730D254927BD0041C8E4 = {
						CreatedOnToolsVersion = 12.0.1;
						TestTargetID = AE6472F7254927B90041C8E4;
					};
					AE647318254927BD0041C8E4 = {
						CreatedOnToolsVersion = 12.0.1;
						TestTargetID = AE6472F7254927B90041C8E4;
					};
				};
			};
			buildConfigurationList = AE6472F3254927B90041C8E4 /* Build configuration list for PBXProject "SampleProject" */;
			compatibilityVersion = "Xcode 9.3";
			developmentRegion = en;
			hasScannedForEncodings = 0;
			knownRegions = (
				en,
				Base,
			);
			mainGroup = AE6472EF254927B90041C8E4;
			productRefGroup = AE6472F9254927B90041C8E4 /* Products */;
			projectDirPath = "";
			projectRoot = "";
			targets = (
				AE6472F7254927B90041C8E4 /* SampleProject */,
				AE64730D254927BD0041C8E4 /* SampleProjectTests */,
				AE647318254927BD0041C8E4 /* SampleProjectUITests */,
			);
		};
/* End PBXProject section */

/* Begin PBXResourcesBuildPhase section */
		AE6472F6254927B90041C8E4 /* Resources */ = {
			isa = PBXResourcesBuildPhase;
			buildActionMask = 2147483647;
			files = (
				AE647305254927BC0041C8E4 /* Assets.xcassets in Resources */,
				AE647303254927B90041C8E4 /* Main.storyboard in Resources */,
			);
			runOnlyForDeploymentPostprocessing = 0;
		};
		AE64730C254927BD0041C8E4 /* Resources */ = {
			isa = PBXResourcesBuildPhase;
			buildActionMask = 2147483647;
			files = (
			);
			runOnlyForDeploymentPostprocessing = 0;
		};
		AE647317254927BD0041C8E4 /* Resources */ = {
			isa = PBXResourcesBuildPhase;
			buildActionMask = 2147483647;
			files = (
			);
			runOnlyForDeploymentPostprocessing = 0;
		};
/* End PBXResourcesBuildPhase section */

/* Begin PBXSourcesBuildPhase section */
		AE6472F4254927B90041C8E4 /* Sources */ = {
			isa = PBXSourcesBuildPhase;
			buildActionMask = 2147483647;
			files = (
				AE647300254927B90041C8E4 /* ViewController.swift in Sources */,
				AE6472FC254927B90041C8E4 /* AppDelegate.swift in Sources */,
				AE6472FE254927B90041C8E4 /* SceneDelegate.swift in Sources */,
			);
			runOnlyForDeploymentPostprocessing = 0;
		};
		AE64730A254927BD0041C8E4 /* Sources */ = {
			isa = PBXSourcesBuildPhase;
			buildActionMask = 2147483647;
			files = (
				AE647313254927BD0041C8E4 /* SampleProjectTests.swift in Sources */,
			);
			runOnlyForDeploymentPostprocessing = 0;
		};
		AE647315254927BD0041C8E4 /* Sources */ = {
			isa = PBXSourcesBuildPhase;
			buildActionMask = 2147483647;
			files = (
				AE64731E254927BD0041C8E4 /* SampleProjectUITests.swift in Sources */,
			);
			runOnlyForDeploymentPostprocessing = 0;
		};
/* End PBXSourcesBuildPhase section */

/* Begin PBXTargetDependency section */
		AE647310254927BD0041C8E4 /* PBXTargetDependency */ = {
			isa = PBXTargetDependency;
			target = AE6472F7254927B90041C8E4 /* SampleProject */;
			targetProxy = AE64730F254927BD0041C8E4 /* PBXContainerItemProxy */;
		};
		AE64731B254927BD0041C8E4 /* PBXTargetDependency */ = {
			isa = PBXTargetDependency;
			target = AE6472F7254927B90041C8E4 /* SampleProject */;
			targetProxy = AE64731A254927BD0041C8E4 /* PBXContainerItemProxy */;
		};
/* End PBXTargetDependency section */

/* Begin PBXVariantGroup section */
		AE647301254927B90041C8E4 /* Main.storyboard */ = {
			isa = PBXVariantGroup;
			children = (
				AE647302254927B90041C8E4 /* Base */,
			);
			name = Main.storyboard;
			sourceTree = "<group>";
		};
/* End PBXVariantGroup section */

/* Begin XCBuildConfiguration section */
		AE647320254927BD0041C8E4 /* Debug */ = {
			isa = XCBuildConfiguration;
			buildSettings = {
				ALWAYS_SEARCH_USER_PATHS = NO;
				CLANG_ANALYZER_NONNULL = YES;
				CLANG_ANALYZER_NUMBER_OBJECT_CONVERSION = YES_AGGRESSIVE;
				CLANG_CXX_LANGUAGE_STANDARD = "gnu++14";
				CLANG_CXX_LIBRARY = "libc++";
				CLANG_ENABLE_MODULES = YES;
				CLANG_ENABLE_OBJC_ARC = YES;
				CLANG_ENABLE_OBJC_WEAK = YES;
				CLANG_WARN_BLOCK_CAPTURE_AUTORELEASING = YES;
				CLANG_WARN_BOOL_CONVERSION = YES;
				CLANG_WARN_COMMA = YES;
				CLANG_WARN_CONSTANT_CONVERSION = YES;
				CLANG_WARN_DEPRECATED_OBJC_IMPLEMENTATIONS = YES;
				CLANG_WARN_DIRECT_OBJC_ISA_USAGE = YES_ERROR;
				CLANG_WARN_DOCUMENTATION_COMMENTS = YES;
				CLANG_WARN_EMPTY_BODY = YES;
				CLANG_WARN_ENUM_CONVERSION = YES;
				CLANG_WARN_INFINITE_RECURSION = YES;
				CLANG_WARN_INT_CONVERSION = YES;
				CLANG_WARN_NON_LITERAL_NULL_CONVERSION = YES;
				CLANG_WARN_OBJC_IMPLICIT_RETAIN_SELF = YES;
				CLANG_WARN_OBJC_LITERAL_CONVERSION = YES;
				CLANG_WARN_OBJC_ROOT_CLASS = YES_ERROR;
				CLANG_WARN_QUOTED_INCLUDE_IN_FRAMEWORK_HEADER = YES;
				CLANG_WARN_RANGE_LOOP_ANALYSIS = YES;
				CLANG_WARN_STRICT_PROTOTYPES = YES;
				CLANG_WARN_SUSPICIOUS_MOVE = YES;
				CLANG_WARN_UNGUARDED_AVAILABILITY = YES_AGGRESSIVE;
				CLANG_WARN_UNREACHABLE_CODE = YES;
				CLANG_WARN__DUPLICATE_METHOD_MATCH = YES;
				COPY_PHASE_STRIP = NO;
				DEBUG_INFORMATION_FORMAT = dwarf;
				ENABLE_STRICT_OBJC_MSGSEND = YES;
				ENABLE_TESTABILITY = YES;
				GCC_C_LANGUAGE_STANDARD = gnu11;
				GCC_DYNAMIC_NO_PIC = NO;
				GCC_NO_COMMON_BLOCKS = YES;
				GCC_OPTIMIZATION_LEVEL = 0;
				GCC_PREPROCESSOR_DEFINITIONS = (
					"DEBUG=1",
					"$(inherited)",
				);
				GCC_WARN_64_TO_32_BIT_CONVERSION = YES;
				GCC_WARN_ABOUT_RETURN_TYPE = YES_ERROR;
				GCC_WARN_UNDECLARED_SELECTOR = YES;
				GCC_WARN_UNINITIALIZED_AUTOS = YES_AGGRESSIVE;
				GCC_WARN_UNUSED_FUNCTION = YES;
				GCC_WARN_UNUSED_VARIABLE = YES;
				IPHONEOS_DEPLOYMENT_TARGET = 14.0;
				MTL_ENABLE_DEBUG_INFO = INCLUDE_SOURCE;
				MTL_FAST_MATH = YES;
				ONLY_ACTIVE_ARCH = YES;
				SDKROOT = iphoneos;
				SWIFT_ACTIVE_COMPILATION_CONDITIONS = DEBUG;
				SWIFT_OPTIMIZATION_LEVEL = "-Onone";
			};
			name = Debug;
		};
		AE647321254927BD0041C8E4 /* Release */ = {
			isa = XCBuildConfiguration;
			buildSettings = {
				ALWAYS_SEARCH_USER_PATHS = NO;
				CLANG_ANALYZER_NONNULL = YES;
				CLANG_ANALYZER_NUMBER_OBJECT_CONVERSION = YES_AGGRESSIVE;
				CLANG_CXX_LANGUAGE_STANDARD = "gnu++14";
				CLANG_CXX_LIBRARY = "libc++";
				CLANG_ENABLE_MODULES = YES;
				CLANG_ENABLE_OBJC_ARC = YES;
				CLANG_ENABLE_OBJC_WEAK = YES;
				CLANG_WARN_BLOCK_CAPTURE_AUTORELEASING = YES;
				CLANG_WARN_BOOL_CONVERSION = YES;
				CLANG_WARN_COMMA = YES;
				CLANG_WARN_CONSTANT_CONVERSION = YES;
				CLANG_WARN_DEPRECATED_OBJC_IMPLEMENTATIONS = YES;
				CLANG_WARN_DIRECT_OBJC_ISA_USAGE = YES_ERROR;
				CLANG_WARN_DOCUMENTATION_COMMENTS = YES;
				CLANG_WARN_EMPTY_BODY = YES;
				CLANG_WARN_ENUM_CONVERSION = YES;
				CLANG_WARN_INFINITE_RECURSION = YES;
				CLANG_WARN_INT_CONVERSION = YES;
				CLANG_WARN_NON_LITERAL_NULL_CONVERSION = YES;
				CLANG_WARN_OBJC_IMPLICIT_RETAIN_SELF = YES;
				CLANG_WARN_OBJC_LITERAL_CONVERSION = YES;
				CLANG_WARN_OBJC_ROOT_CLASS = YES_ERROR;
				CLANG_WARN_QUOTED_INCLUDE_IN_FRAMEWORK_HEADER = YES;
				CLANG_WARN_RANGE_LOOP_ANALYSIS = YES;
				CLANG_WARN_STRICT_PROTOTYPES = YES;
				CLANG_WARN_SUSPICIOUS_MOVE = YES;
				CLANG_WARN_UNGUARDED_AVAILABILITY = YES_AGGRESSIVE;
				CLANG_WARN_UNREACHABLE_CODE = YES;
				CLANG_WARN__DUPLICATE_METHOD_MATCH = YES;
				COPY_PHASE_STRIP = NO;
				DEBUG_INFORMATION_FORMAT = "dwarf-with-dsym";
				ENABLE_NS_ASSERTIONS = NO;
				ENABLE_STRICT_OBJC_MSGSEND = YES;
				GCC_C_LANGUAGE_STANDARD = gnu11;
				GCC_NO_COMMON_BLOCKS = YES;
				GCC_WARN_64_TO_32_BIT_CONVERSION = YES;
				GCC_WARN_ABOUT_RETURN_TYPE = YES_ERROR;
				GCC_WARN_UNDECLARED_SELECTOR = YES;
				GCC_WARN_UNINITIALIZED_AUTOS = YES_AGGRESSIVE;
				GCC_WARN_UNUSED_FUNCTION = YES;
				GCC_WARN_UNUSED_VARIABLE = YES;
				IPHONEOS_DEPLOYMENT_TARGET = 14.0;
				MTL_ENABLE_DEBUG_INFO = NO;
				MTL_FAST_MATH = YES;
				SDKROOT = iphoneos;
				SWIFT_COMPILATION_MODE = wholemodule;
				SWIFT_OPTIMIZATION_LEVEL = "-O";
				VALIDATE_PRODUCT = YES;
			};
			name = Release;
		};
		AE647323254927BD0041C8E4 /* Debug */ = {
			isa = XCBuildConfiguration;
			buildSettings = {
				ASSETCATALOG_COMPILER_APPICON_NAME = AppIcon;
				ASSETCATALOG_COMPILER_GLOBAL_ACCENT_COLOR_NAME = AccentColor;
				CODE_SIGN_STYLE = Automatic;
				INFOPLIST_FILE = SampleProject/Info.plist;
				IPHONEOS_DEPLOYMENT_TARGET = 13.0;
				LD_RUNPATH_SEARCH_PATHS = (
					"$(inherited)",
					"@executable_path/Frameworks",
				);
				PRODUCT_BUNDLE_IDENTIFIER = com.vinay.mobileapps.SampleProject;
				PRODUCT_NAME = "$(TARGET_NAME)";
				SWIFT_VERSION = 5.0;
				TARGETED_DEVICE_FAMILY = 1;
			};
			name = Debug;
		};
		AE647324254927BD0041C8E4 /* Release */ = {
			isa = XCBuildConfiguration;
			buildSettings = {
				ASSETCATALOG_COMPILER_APPICON_NAME = AppIcon;
				ASSETCATALOG_COMPILER_GLOBAL_ACCENT_COLOR_NAME = AccentColor;
				CODE_SIGN_STYLE = Automatic;
				INFOPLIST_FILE = SampleProject/Info.plist;
				IPHONEOS_DEPLOYMENT_TARGET = 13.0;
				LD_RUNPATH_SEARCH_PATHS = (
					"$(inherited)",
					"@executable_path/Frameworks",
				);
				PRODUCT_BUNDLE_IDENTIFIER = com.vinay.mobileapps.SampleProject;
				PRODUCT_NAME = "$(TARGET_NAME)";
				SWIFT_VERSION = 5.0;
				TARGETED_DEVICE_FAMILY = 1;
			};
			name = Release;
		};
		AE647326254927BD0041C8E4 /* Debug */ = {
			isa = XCBuildConfiguration;
			buildSettings = {
				ALWAYS_EMBED_SWIFT_STANDARD_LIBRARIES = YES;
				BUNDLE_LOADER = "$(TEST_HOST)";
				CODE_SIGN_STYLE = Automatic;
				INFOPLIST_FILE = SampleProjectTests/Info.plist;
				IPHONEOS_DEPLOYMENT_TARGET = 14.0;
				LD_RUNPATH_SEARCH_PATHS = (
					"$(inherited)",
					"@executable_path/Frameworks",
					"@loader_path/Frameworks",
				);
				PRODUCT_BUNDLE_IDENTIFIER = com.vinay.mobileapps.SampleProjectTests;
				PRODUCT_NAME = "$(TARGET_NAME)";
				SWIFT_VERSION = 5.0;
				TARGETED_DEVICE_FAMILY = "1,2";
				TEST_HOST = "$(BUILT_PRODUCTS_DIR)/SampleProject.app/SampleProject";
			};
			name = Debug;
		};
		AE647327254927BD0041C8E4 /* Release */ = {
			isa = XCBuildConfiguration;
			buildSettings = {
				ALWAYS_EMBED_SWIFT_STANDARD_LIBRARIES = YES;
				BUNDLE_LOADER = "$(TEST_HOST)";
				CODE_SIGN_STYLE = Automatic;
				INFOPLIST_FILE = SampleProjectTests/Info.plist;
				IPHONEOS_DEPLOYMENT_TARGET = 14.0;
				LD_RUNPATH_SEARCH_PATHS = (
					"$(inherited)",
					"@executable_path/Frameworks",
					"@loader_path/Frameworks",
				);
				PRODUCT_BUNDLE_IDENTIFIER = com.vinay.mobileapps.SampleProjectTests;
				PRODUCT_NAME = "$(TARGET_NAME)";
				SWIFT_VERSION = 5.0;
				TARGETED_DEVICE_FAMILY = "1,2";
				TEST_HOST = "$(BUILT_PRODUCTS_DIR)/SampleProject.app/SampleProject";
			};
			name = Release;
		};
		AE647329254927BD0041C8E4 /* Debug */ = {
			isa = XCBuildConfiguration;
			buildSettings = {
				ALWAYS_EMBED_SWIFT_STANDARD_LIBRARIES = YES;
				CODE_SIGN_STYLE = Automatic;
				INFOPLIST_FILE = SampleProjectUITests/Info.plist;
				LD_RUNPATH_SEARCH_PATHS = (
					"$(inherited)",
					"@executable_path/Frameworks",
					"@loader_path/Frameworks",
				);
				PRODUCT_BUNDLE_IDENTIFIER = com.vinay.mobileapps.SampleProjectUITests;
				PRODUCT_NAME = "$(TARGET_NAME)";
				SWIFT_VERSION = 5.0;
				TARGETED_DEVICE_FAMILY = "1,2";
				TEST_TARGET_NAME = SampleProject;
			};
			name = Debug;
		};
		AE64732A254927BD0041C8E4 /* Release */ = {
			isa = XCBuildConfiguration;
			buildSettings = {
				ALWAYS_EMBED_SWIFT_STANDARD_LIBRARIES = YES;
				CODE_SIGN_STYLE = Automatic;
				INFOPLIST_FILE = SampleProjectUITests/Info.plist;
				LD_RUNPATH_SEARCH_PATHS = (
					"$(inherited)",
					"@executable_path/Frameworks",
					"@loader_path/Frameworks",
				);
				PRODUCT_BUNDLE_IDENTIFIER = com.vinay.mobileapps.SampleProjectUITests;
				PRODUCT_NAME = "$(TARGET_NAME)";
				SWIFT_VERSION = 5.0;
				TARGETED_DEVICE_FAMILY = "1,2";
				TEST_TARGET_NAME = SampleProject;
			};
			name = Release;
		};
/* End XCBuildConfiguration section */

/* Begin XCConfigurationList section */
		AE6472F3254927B90041C8E4 /* Build configuration list for PBXProject "SampleProject" */ = {
			isa = XCConfigurationList;
			buildConfigurations = (
				AE647320254927BD0041C8E4 /* Debug */,
				AE647321254927BD0041C8E4 /* Release */,
			);
			defaultConfigurationIsVisible = 0;
			defaultConfigurationName = Release;
		};
		AE647322254927BD0041C8E4 /* Build configuration list for PBXNativeTarget "SampleProject" */ = {
			isa = XCConfigurationList;
			buildConfigurations = (
				AE647323254927BD0041C8E4 /* Debug */,
				AE647324254927BD0041C8E4 /* Release */,
			);
			defaultConfigurationIsVisible = 0;
			defaultConfigurationName = Release;
		};
		AE647325254927BD0041C8E4 /* Build configuration list for PBXNativeTarget "SampleProjectTests" */ = {
			isa = XCConfigurationList;
			buildConfigurations = (
				AE647326254927BD0041C8E4 /* Debug */,
				AE647327254927BD0041C8E4 /* Release */,
			);
			defaultConfigurationIsVisible = 0;
			defaultConfigurationName = Release;
		};
		AE647328254927BD0041C8E4 /* Build configuration list for PBXNativeTarget "SampleProjectUITests" */ = {
			isa = XCConfigurationList;
			buildConfigurations = (
				AE647329254927BD0041C8E4 /* Debug */,
				AE64732A254927BD0041C8E4 /* Release */,
			);
			defaultConfigurationIsVisible = 0;
			defaultConfigurationName = Release;
		};
/* End XCConfigurationList section */
	};
	rootObject = AE6472F0254927B90041C8E4 /* Project object */;
}
